// !$*UTF8*$!
{
	archiveVersion = 1;
	classes = {
	};
	objectVersion = 46;
	objects = {

/* Begin PBXBuildFile section */
		8DF722541D804955007F6129 /* AddContactLocalDataManager.swift in Sources */ = {isa = PBXBuildFile; fileRef = 8DF7222C1D804955007F6129 /* AddContactLocalDataManager.swift */; };
		8DF722551D804955007F6129 /* AddContactInteractor.swift in Sources */ = {isa = PBXBuildFile; fileRef = 8DF7222E1D804955007F6129 /* AddContactInteractor.swift */; };
		8DF722561D804955007F6129 /* AddContactPresenter.swift in Sources */ = {isa = PBXBuildFile; fileRef = 8DF722301D804955007F6129 /* AddContactPresenter.swift */; };
		8DF722571D804955007F6129 /* AddContactProtocols.swift in Sources */ = {isa = PBXBuildFile; fileRef = 8DF722321D804955007F6129 /* AddContactProtocols.swift */; };
		8DF722581D804955007F6129 /* AddContactView.swift in Sources */ = {isa = PBXBuildFile; fileRef = 8DF722341D804955007F6129 /* AddContactView.swift */; };
		8DF722591D804955007F6129 /* AddContactWireFrame.swift in Sources */ = {isa = PBXBuildFile; fileRef = 8DF722361D804955007F6129 /* AddContactWireFrame.swift */; };
		8DF7225A1D804955007F6129 /* AppDelegate.swift in Sources */ = {isa = PBXBuildFile; fileRef = 8DF722371D804955007F6129 /* AppDelegate.swift */; };
		8DF7225B1D804955007F6129 /* Array+Insertion.swift in Sources */ = {isa = PBXBuildFile; fileRef = 8DF722381D804955007F6129 /* Array+Insertion.swift */; };
		8DF7225C1D804955007F6129 /* Assets.xcassets in Resources */ = {isa = PBXBuildFile; fileRef = 8DF722391D804955007F6129 /* Assets.xcassets */; };
		8DF7225D1D804955007F6129 /* LaunchScreen.storyboard in Resources */ = {isa = PBXBuildFile; fileRef = 8DF7223B1D804955007F6129 /* LaunchScreen.storyboard */; };
		8DF7225E1D804955007F6129 /* Main.storyboard in Resources */ = {isa = PBXBuildFile; fileRef = 8DF7223D1D804955007F6129 /* Main.storyboard */; };
		8DF7225F1D804955007F6129 /* Contact.swift in Sources */ = {isa = PBXBuildFile; fileRef = 8DF7223F1D804955007F6129 /* Contact.swift */; };
		8DF722601D804955007F6129 /* Contact+CoreDataProperties.swift in Sources */ = {isa = PBXBuildFile; fileRef = 8DF722401D804955007F6129 /* Contact+CoreDataProperties.swift */; };
		8DF722611D804955007F6129 /* ContactListLocalDataManager.swift in Sources */ = {isa = PBXBuildFile; fileRef = 8DF722451D804955007F6129 /* ContactListLocalDataManager.swift */; };
		8DF722621D804955007F6129 /* ContactListInteractor.swift in Sources */ = {isa = PBXBuildFile; fileRef = 8DF722471D804955007F6129 /* ContactListInteractor.swift */; };
		8DF722631D804955007F6129 /* ContactListPresenter.swift in Sources */ = {isa = PBXBuildFile; fileRef = 8DF722491D804955007F6129 /* ContactListPresenter.swift */; };
		8DF722641D804955007F6129 /* ContactListProtocols.swift in Sources */ = {isa = PBXBuildFile; fileRef = 8DF7224B1D804955007F6129 /* ContactListProtocols.swift */; };
		8DF722651D804955007F6129 /* ContactListView.swift in Sources */ = {isa = PBXBuildFile; fileRef = 8DF7224D1D804955007F6129 /* ContactListView.swift */; };
		8DF722661D804955007F6129 /* ContactListWireFrame.swift in Sources */ = {isa = PBXBuildFile; fileRef = 8DF7224F1D804955007F6129 /* ContactListWireFrame.swift */; };
		8DF722671D804955007F6129 /* CoreDataStore.swift in Sources */ = {isa = PBXBuildFile; fileRef = 8DF722501D804955007F6129 /* CoreDataStore.swift */; };
		8DF722691D804955007F6129 /* VIPER_Contacts_Starter.xcdatamodeld in Sources */ = {isa = PBXBuildFile; fileRef = 8DF722521D804955007F6129 /* VIPER_Contacts_Starter.xcdatamodeld */; };
/* End PBXBuildFile section */

/* Begin PBXFileReference section */
		8D676C7E1D5FBB3300F3B088 /* VIPER Contacts Starter.app */ = {isa = PBXFileReference; explicitFileType = wrapper.application; includeInIndex = 0; path = "VIPER Contacts Starter.app"; sourceTree = BUILT_PRODUCTS_DIR; };
		8DF7222C1D804955007F6129 /* AddContactLocalDataManager.swift */ = {isa = PBXFileReference; fileEncoding = 4; lastKnownFileType = sourcecode.swift; lineEnding = 0; path = AddContactLocalDataManager.swift; sourceTree = "<group>"; xcLanguageSpecificationIdentifier = xcode.lang.swift; };
		8DF7222E1D804955007F6129 /* AddContactInteractor.swift */ = {isa = PBXFileReference; fileEncoding = 4; lastKnownFileType = sourcecode.swift; lineEnding = 0; path = AddContactInteractor.swift; sourceTree = "<group>"; xcLanguageSpecificationIdentifier = xcode.lang.swift; };
		8DF722301D804955007F6129 /* AddContactPresenter.swift */ = {isa = PBXFileReference; fileEncoding = 4; lastKnownFileType = sourcecode.swift; lineEnding = 0; path = AddContactPresenter.swift; sourceTree = "<group>"; xcLanguageSpecificationIdentifier = xcode.lang.swift; };
		8DF722321D804955007F6129 /* AddContactProtocols.swift */ = {isa = PBXFileReference; fileEncoding = 4; lastKnownFileType = sourcecode.swift; lineEnding = 0; path = AddContactProtocols.swift; sourceTree = "<group>"; xcLanguageSpecificationIdentifier = xcode.lang.swift; };
		8DF722341D804955007F6129 /* AddContactView.swift */ = {isa = PBXFileReference; fileEncoding = 4; lastKnownFileType = sourcecode.swift; lineEnding = 0; path = AddContactView.swift; sourceTree = "<group>"; xcLanguageSpecificationIdentifier = xcode.lang.swift; };
		8DF722361D804955007F6129 /* AddContactWireFrame.swift */ = {isa = PBXFileReference; fileEncoding = 4; lastKnownFileType = sourcecode.swift; lineEnding = 0; path = AddContactWireFrame.swift; sourceTree = "<group>"; xcLanguageSpecificationIdentifier = xcode.lang.swift; };
		8DF722371D804955007F6129 /* AppDelegate.swift */ = {isa = PBXFileReference; fileEncoding = 4; lastKnownFileType = sourcecode.swift; path = AppDelegate.swift; sourceTree = "<group>"; };
		8DF722381D804955007F6129 /* Array+Insertion.swift */ = {isa = PBXFileReference; fileEncoding = 4; lastKnownFileType = sourcecode.swift; lineEnding = 0; path = "Array+Insertion.swift"; sourceTree = "<group>"; xcLanguageSpecificationIdentifier = xcode.lang.swift; };
		8DF722391D804955007F6129 /* Assets.xcassets */ = {isa = PBXFileReference; lastKnownFileType = folder.assetcatalog; path = Assets.xcassets; sourceTree = "<group>"; };
		8DF7223C1D804955007F6129 /* Base */ = {isa = PBXFileReference; lastKnownFileType = file.storyboard; name = Base; path = LaunchScreen.storyboard; sourceTree = "<group>"; };
		8DF7223E1D804955007F6129 /* Base */ = {isa = PBXFileReference; lastKnownFileType = file.storyboard; name = Base; path = Main.storyboard; sourceTree = "<group>"; };
		8DF7223F1D804955007F6129 /* Contact.swift */ = {isa = PBXFileReference; fileEncoding = 4; lastKnownFileType = sourcecode.swift; lineEnding = 0; path = Contact.swift; sourceTree = "<group>"; xcLanguageSpecificationIdentifier = xcode.lang.swift; };
		8DF722401D804955007F6129 /* Contact+CoreDataProperties.swift */ = {isa = PBXFileReference; fileEncoding = 4; lastKnownFileType = sourcecode.swift; lineEnding = 0; path = "Contact+CoreDataProperties.swift"; sourceTree = "<group>"; xcLanguageSpecificationIdentifier = xcode.lang.swift; };
		8DF722451D804955007F6129 /* ContactListLocalDataManager.swift */ = {isa = PBXFileReference; fileEncoding = 4; lastKnownFileType = sourcecode.swift; lineEnding = 0; path = ContactListLocalDataManager.swift; sourceTree = "<group>"; xcLanguageSpecificationIdentifier = xcode.lang.swift; };
		8DF722471D804955007F6129 /* ContactListInteractor.swift */ = {isa = PBXFileReference; fileEncoding = 4; lastKnownFileType = sourcecode.swift; lineEnding = 0; path = ContactListInteractor.swift; sourceTree = "<group>"; xcLanguageSpecificationIdentifier = xcode.lang.swift; };
		8DF722491D804955007F6129 /* ContactListPresenter.swift */ = {isa = PBXFileReference; fileEncoding = 4; lastKnownFileType = sourcecode.swift; lineEnding = 0; path = ContactListPresenter.swift; sourceTree = "<group>"; xcLanguageSpecificationIdentifier = xcode.lang.swift; };
		8DF7224B1D804955007F6129 /* ContactListProtocols.swift */ = {isa = PBXFileReference; fileEncoding = 4; lastKnownFileType = sourcecode.swift; lineEnding = 0; path = ContactListProtocols.swift; sourceTree = "<group>"; xcLanguageSpecificationIdentifier = xcode.lang.swift; };
		8DF7224D1D804955007F6129 /* ContactListView.swift */ = {isa = PBXFileReference; fileEncoding = 4; lastKnownFileType = sourcecode.swift; lineEnding = 0; path = ContactListView.swift; sourceTree = "<group>"; xcLanguageSpecificationIdentifier = xcode.lang.swift; };
		8DF7224F1D804955007F6129 /* ContactListWireFrame.swift */ = {isa = PBXFileReference; fileEncoding = 4; lastKnownFileType = sourcecode.swift; lineEnding = 0; path = ContactListWireFrame.swift; sourceTree = "<group>"; xcLanguageSpecificationIdentifier = xcode.lang.swift; };
		8DF722501D804955007F6129 /* CoreDataStore.swift */ = {isa = PBXFileReference; fileEncoding = 4; lastKnownFileType = sourcecode.swift; lineEnding = 0; path = CoreDataStore.swift; sourceTree = "<group>"; xcLanguageSpecificationIdentifier = xcode.lang.swift; };
		8DF722531D804955007F6129 /* VIPER_Contacts_Starter.xcdatamodel */ = {isa = PBXFileReference; lastKnownFileType = wrapper.xcdatamodel; path = VIPER_Contacts_Starter.xcdatamodel; sourceTree = "<group>"; };
		8DF7226B1D804A1A007F6129 /* Info.plist */ = {isa = PBXFileReference; fileEncoding = 4; lastKnownFileType = text.plist.xml; path = Info.plist; sourceTree = "<group>"; };
/* End PBXFileReference section */

/* Begin PBXFrameworksBuildPhase section */
		8D676C7B1D5FBB3200F3B088 /* Frameworks */ = {
			isa = PBXFrameworksBuildPhase;
			buildActionMask = 2147483647;
			files = (
			);
			runOnlyForDeploymentPostprocessing = 0;
		};
/* End PBXFrameworksBuildPhase section */

/* Begin PBXGroup section */
		8D676C751D5FBB3200F3B088 = {
			isa = PBXGroup;
			children = (
				8D715B6D1D6294E900139153 /* VIPER Contacts Starter */,
				8D676C7F1D5FBB3300F3B088 /* Products */,
			);
			sourceTree = "<group>";
		};
		8D676C7F1D5FBB3300F3B088 /* Products */ = {
			isa = PBXGroup;
			children = (
				8D676C7E1D5FBB3300F3B088 /* VIPER Contacts Starter.app */,
			);
			name = Products;
			sourceTree = "<group>";
		};
		8D715B6D1D6294E900139153 /* VIPER Contacts Starter */ = {
			isa = PBXGroup;
			children = (
				8DF7226A1D8049F0007F6129 /* DataManager */,
				8DF7223A1D804955007F6129 /* Base.lproj */,
				8DF722411D804955007F6129 /* ContactList Module */,
				8DF722281D804955007F6129 /* AddContact Module */,
				8DF722371D804955007F6129 /* AppDelegate.swift */,
				8DF722381D804955007F6129 /* Array+Insertion.swift */,
				8DF722391D804955007F6129 /* Assets.xcassets */,
				8DF7223F1D804955007F6129 /* Contact.swift */,
				8DF722401D804955007F6129 /* Contact+CoreDataProperties.swift */,
				8DF7226B1D804A1A007F6129 /* Info.plist */,
			);
			path = "VIPER Contacts Starter";
			sourceTree = "<group>";
		};
		8DF722281D804955007F6129 /* AddContact Module */ = {
			isa = PBXGroup;
			children = (
				8DF722291D804955007F6129 /* DataManager */,
				8DF7222D1D804955007F6129 /* Interactor */,
				8DF7222F1D804955007F6129 /* Presenter */,
				8DF722311D804955007F6129 /* Protocols */,
				8DF722331D804955007F6129 /* View */,
				8DF722351D804955007F6129 /* WireFrame */,
			);
			name = "AddContact Module";
			path = AddContact;
			sourceTree = "<group>";
		};
		8DF722291D804955007F6129 /* DataManager */ = {
			isa = PBXGroup;
			children = (
				8DF7222A1D804955007F6129 /* API */,
				8DF7222B1D804955007F6129 /* Local */,
			);
			path = DataManager;
			sourceTree = "<group>";
		};
		8DF7222A1D804955007F6129 /* API */ = {
			isa = PBXGroup;
			children = (
			);
			path = API;
			sourceTree = "<group>";
		};
		8DF7222B1D804955007F6129 /* Local */ = {
			isa = PBXGroup;
			children = (
				8DF7222C1D804955007F6129 /* AddContactLocalDataManager.swift */,
			);
			path = Local;
			sourceTree = "<group>";
		};
		8DF7222D1D804955007F6129 /* Interactor */ = {
			isa = PBXGroup;
			children = (
				8DF7222E1D804955007F6129 /* AddContactInteractor.swift */,
			);
			path = Interactor;
			sourceTree = "<group>";
		};
		8DF7222F1D804955007F6129 /* Presenter */ = {
			isa = PBXGroup;
			children = (
				8DF722301D804955007F6129 /* AddContactPresenter.swift */,
			);
			path = Presenter;
			sourceTree = "<group>";
		};
		8DF722311D804955007F6129 /* Protocols */ = {
			isa = PBXGroup;
			children = (
				8DF722321D804955007F6129 /* AddContactProtocols.swift */,
			);
			path = Protocols;
			sourceTree = "<group>";
		};
		8DF722331D804955007F6129 /* View */ = {
			isa = PBXGroup;
			children = (
				8DF722341D804955007F6129 /* AddContactView.swift */,
			);
			path = View;
			sourceTree = "<group>";
		};
		8DF722351D804955007F6129 /* WireFrame */ = {
			isa = PBXGroup;
			children = (
				8DF722361D804955007F6129 /* AddContactWireFrame.swift */,
			);
			path = WireFrame;
			sourceTree = "<group>";
		};
		8DF7223A1D804955007F6129 /* Base.lproj */ = {
			isa = PBXGroup;
			children = (
				8DF7223B1D804955007F6129 /* LaunchScreen.storyboard */,
				8DF7223D1D804955007F6129 /* Main.storyboard */,
			);
			path = Base.lproj;
			sourceTree = "<group>";
		};
		8DF722411D804955007F6129 /* ContactList Module */ = {
			isa = PBXGroup;
			children = (
				8DF722421D804955007F6129 /* DataManager */,
				8DF722461D804955007F6129 /* Interactor */,
				8DF722481D804955007F6129 /* Presenter */,
				8DF7224A1D804955007F6129 /* Protocols */,
				8DF7224C1D804955007F6129 /* View */,
				8DF7224E1D804955007F6129 /* WireFrame */,
			);
			name = "ContactList Module";
			path = ContactList;
			sourceTree = "<group>";
		};
		8DF722421D804955007F6129 /* DataManager */ = {
			isa = PBXGroup;
			children = (
				8DF722431D804955007F6129 /* API */,
				8DF722441D804955007F6129 /* Local */,
			);
			path = DataManager;
			sourceTree = "<group>";
		};
		8DF722431D804955007F6129 /* API */ = {
			isa = PBXGroup;
			children = (
			);
			path = API;
			sourceTree = "<group>";
		};
		8DF722441D804955007F6129 /* Local */ = {
			isa = PBXGroup;
			children = (
				8DF722451D804955007F6129 /* ContactListLocalDataManager.swift */,
			);
			path = Local;
			sourceTree = "<group>";
		};
		8DF722461D804955007F6129 /* Interactor */ = {
			isa = PBXGroup;
			children = (
				8DF722471D804955007F6129 /* ContactListInteractor.swift */,
			);
			path = Interactor;
			sourceTree = "<group>";
		};
		8DF722481D804955007F6129 /* Presenter */ = {
			isa = PBXGroup;
			children = (
				8DF722491D804955007F6129 /* ContactListPresenter.swift */,
			);
			path = Presenter;
			sourceTree = "<group>";
		};
		8DF7224A1D804955007F6129 /* Protocols */ = {
			isa = PBXGroup;
			children = (
				8DF7224B1D804955007F6129 /* ContactListProtocols.swift */,
			);
			path = Protocols;
			sourceTree = "<group>";
		};
		8DF7224C1D804955007F6129 /* View */ = {
			isa = PBXGroup;
			children = (
				8DF7224D1D804955007F6129 /* ContactListView.swift */,
			);
			path = View;
			sourceTree = "<group>";
		};
		8DF7224E1D804955007F6129 /* WireFrame */ = {
			isa = PBXGroup;
			children = (
				8DF7224F1D804955007F6129 /* ContactListWireFrame.swift */,
			);
			path = WireFrame;
			sourceTree = "<group>";
		};
		8DF7226A1D8049F0007F6129 /* DataManager */ = {
			isa = PBXGroup;
			children = (
				8DF722501D804955007F6129 /* CoreDataStore.swift */,
				8DF722521D804955007F6129 /* VIPER_Contacts_Starter.xcdatamodeld */,
			);
			name = DataManager;
			sourceTree = "<group>";
		};
/* End PBXGroup section */

/* Begin PBXNativeTarget section */
		8D676C7D1D5FBB3200F3B088 /* VIPER Contacts Starter */ = {
			isa = PBXNativeTarget;
			buildConfigurationList = 8D676C901D5FBB3300F3B088 /* Build configuration list for PBXNativeTarget "VIPER Contacts Starter" */;
			buildPhases = (
				8D676C7A1D5FBB3200F3B088 /* Sources */,
				8D676C7B1D5FBB3200F3B088 /* Frameworks */,
				8D676C7C1D5FBB3200F3B088 /* Resources */,
			);
			buildRules = (
			);
			dependencies = (
			);
			name = "VIPER Contacts Starter";
			productName = "MVVM Contacts Starter";
			productReference = 8D676C7E1D5FBB3300F3B088 /* VIPER Contacts Starter.app */;
			productType = "com.apple.product-type.application";
		};
/* End PBXNativeTarget section */

/* Begin PBXProject section */
		8D676C761D5FBB3200F3B088 /* Project object */ = {
			isa = PBXProject;
			attributes = {
				LastSwiftUpdateCheck = 0730;
				LastUpgradeCheck = 0800;
				ORGANIZATIONNAME = "Rafael Sacchi";
				TargetAttributes = {
					8D676C7D1D5FBB3200F3B088 = {
						CreatedOnToolsVersion = 7.3.1;
						DevelopmentTeam = JK33ZA2AUD;
						LastSwiftMigration = 0800;
					};
				};
			};
			buildConfigurationList = 8D676C791D5FBB3200F3B088 /* Build configuration list for PBXProject "VIPER Contacts Starter" */;
			compatibilityVersion = "Xcode 3.2";
			developmentRegion = English;
			hasScannedForEncodings = 0;
			knownRegions = (
				en,
				Base,
			);
			mainGroup = 8D676C751D5FBB3200F3B088;
			productRefGroup = 8D676C7F1D5FBB3300F3B088 /* Products */;
			projectDirPath = "";
			projectRoot = "";
			targets = (
				8D676C7D1D5FBB3200F3B088 /* VIPER Contacts Starter */,
			);
		};
/* End PBXProject section */

/* Begin PBXResourcesBuildPhase section */
		8D676C7C1D5FBB3200F3B088 /* Resources */ = {
			isa = PBXResourcesBuildPhase;
			buildActionMask = 2147483647;
			files = (
				8DF7225E1D804955007F6129 /* Main.storyboard in Resources */,
				8DF7225C1D804955007F6129 /* Assets.xcassets in Resources */,
				8DF7225D1D804955007F6129 /* LaunchScreen.storyboard in Resources */,
			);
			runOnlyForDeploymentPostprocessing = 0;
		};
/* End PBXResourcesBuildPhase section */

/* Begin PBXSourcesBuildPhase section */
		8D676C7A1D5FBB3200F3B088 /* Sources */ = {
			isa = PBXSourcesBuildPhase;
			buildActionMask = 2147483647;
			files = (
				8DF722651D804955007F6129 /* ContactListView.swift in Sources */,
				8DF7225F1D804955007F6129 /* Contact.swift in Sources */,
				8DF722541D804955007F6129 /* AddContactLocalDataManager.swift in Sources */,
				8DF722641D804955007F6129 /* ContactListProtocols.swift in Sources */,
				8DF722631D804955007F6129 /* ContactListPresenter.swift in Sources */,
				8DF722581D804955007F6129 /* AddContactView.swift in Sources */,
				8DF722551D804955007F6129 /* AddContactInteractor.swift in Sources */,
				8DF722571D804955007F6129 /* AddContactProtocols.swift in Sources */,
				8DF722611D804955007F6129 /* ContactListLocalDataManager.swift in Sources */,
				8DF7225A1D804955007F6129 /* AppDelegate.swift in Sources */,
				8DF7225B1D804955007F6129 /* Array+Insertion.swift in Sources */,
				8DF722691D804955007F6129 /* VIPER_Contacts_Starter.xcdatamodeld in Sources */,
				8DF722671D804955007F6129 /* CoreDataStore.swift in Sources */,
				8DF722561D804955007F6129 /* AddContactPresenter.swift in Sources */,
				8DF722621D804955007F6129 /* ContactListInteractor.swift in Sources */,
				8DF722601D804955007F6129 /* Contact+CoreDataProperties.swift in Sources */,
				8DF722591D804955007F6129 /* AddContactWireFrame.swift in Sources */,
				8DF722661D804955007F6129 /* ContactListWireFrame.swift in Sources */,
			);
			runOnlyForDeploymentPostprocessing = 0;
		};
/* End PBXSourcesBuildPhase section */

/* Begin PBXVariantGroup section */
		8DF7223B1D804955007F6129 /* LaunchScreen.storyboard */ = {
			isa = PBXVariantGroup;
			children = (
				8DF7223C1D804955007F6129 /* Base */,
			);
			name = LaunchScreen.storyboard;
			sourceTree = "<group>";
		};
		8DF7223D1D804955007F6129 /* Main.storyboard */ = {
			isa = PBXVariantGroup;
			children = (
				8DF7223E1D804955007F6129 /* Base */,
			);
			name = Main.storyboard;
			sourceTree = "<group>";
		};
/* End PBXVariantGroup section */

/* Begin XCBuildConfiguration section */
		8D676C8E1D5FBB3300F3B088 /* Debug */ = {
			isa = XCBuildConfiguration;
			buildSettings = {
				ALWAYS_SEARCH_USER_PATHS = NO;
				CLANG_ANALYZER_NONNULL = YES;
				CLANG_CXX_LANGUAGE_STANDARD = "gnu++0x";
				CLANG_CXX_LIBRARY = "libc++";
				CLANG_ENABLE_MODULES = YES;
				CLANG_ENABLE_OBJC_ARC = YES;
				CLANG_WARN_BOOL_CONVERSION = YES;
				CLANG_WARN_CONSTANT_CONVERSION = YES;
				CLANG_WARN_DIRECT_OBJC_ISA_USAGE = YES_ERROR;
				CLANG_WARN_EMPTY_BODY = YES;
				CLANG_WARN_ENUM_CONVERSION = YES;
				CLANG_WARN_INFINITE_RECURSION = YES;
				CLANG_WARN_INT_CONVERSION = YES;
				CLANG_WARN_OBJC_ROOT_CLASS = YES_ERROR;
				CLANG_WARN_SUSPICIOUS_MOVE = YES;
				CLANG_WARN_UNREACHABLE_CODE = YES;
				CLANG_WARN__DUPLICATE_METHOD_MATCH = YES;
				"CODE_SIGN_IDENTITY[sdk=iphoneos*]" = "iPhone Developer";
				COPY_PHASE_STRIP = NO;
				DEBUG_INFORMATION_FORMAT = dwarf;
				ENABLE_STRICT_OBJC_MSGSEND = YES;
				ENABLE_TESTABILITY = YES;
				GCC_C_LANGUAGE_STANDARD = gnu99;
				GCC_DYNAMIC_NO_PIC = NO;
				GCC_NO_COMMON_BLOCKS = YES;
				GCC_OPTIMIZATION_LEVEL = 0;
				GCC_PREPROCESSOR_DEFINITIONS = (
					"DEBUG=1",
					"$(inherited)",
				);
				GCC_WARN_64_TO_32_BIT_CONVERSION = YES;
				GCC_WARN_ABOUT_RETURN_TYPE = YES_ERROR;
				GCC_WARN_UNDECLARED_SELECTOR = YES;
				GCC_WARN_UNINITIALIZED_AUTOS = YES_AGGRESSIVE;
				GCC_WARN_UNUSED_FUNCTION = YES;
				GCC_WARN_UNUSED_VARIABLE = YES;
				IPHONEOS_DEPLOYMENT_TARGET = 9.3;
				MTL_ENABLE_DEBUG_INFO = YES;
				ONLY_ACTIVE_ARCH = YES;
				SDKROOT = iphoneos;
				SWIFT_OPTIMIZATION_LEVEL = "-Onone";
			};
			name = Debug;
		};
		8D676C8F1D5FBB3300F3B088 /* Release */ = {
			isa = XCBuildConfiguration;
			buildSettings = {
				ALWAYS_SEARCH_USER_PATHS = NO;
				CLANG_ANALYZER_NONNULL = YES;
				CLANG_CXX_LANGUAGE_STANDARD = "gnu++0x";
				CLANG_CXX_LIBRARY = "libc++";
				CLANG_ENABLE_MODULES = YES;
				CLANG_ENABLE_OBJC_ARC = YES;
				CLANG_WARN_BOOL_CONVERSION = YES;
				CLANG_WARN_CONSTANT_CONVERSION = YES;
				CLANG_WARN_DIRECT_OBJC_ISA_USAGE = YES_ERROR;
				CLANG_WARN_EMPTY_BODY = YES;
				CLANG_WARN_ENUM_CONVERSION = YES;
				CLANG_WARN_INFINITE_RECURSION = YES;
				CLANG_WARN_INT_CONVERSION = YES;
				CLANG_WARN_OBJC_ROOT_CLASS = YES_ERROR;
				CLANG_WARN_SUSPICIOUS_MOVE = YES;
				CLANG_WARN_UNREACHABLE_CODE = YES;
				CLANG_WARN__DUPLICATE_METHOD_MATCH = YES;
				"CODE_SIGN_IDENTITY[sdk=iphoneos*]" = "iPhone Developer";
				COPY_PHASE_STRIP = NO;
				DEBUG_INFORMATION_FORMAT = "dwarf-with-dsym";
				ENABLE_NS_ASSERTIONS = NO;
				ENABLE_STRICT_OBJC_MSGSEND = YES;
				GCC_C_LANGUAGE_STANDARD = gnu99;
				GCC_NO_COMMON_BLOCKS = YES;
				GCC_WARN_64_TO_32_BIT_CONVERSION = YES;
				GCC_WARN_ABOUT_RETURN_TYPE = YES_ERROR;
				GCC_WARN_UNDECLARED_SELECTOR = YES;
				GCC_WARN_UNINITIALIZED_AUTOS = YES_AGGRESSIVE;
				GCC_WARN_UNUSED_FUNCTION = YES;
				GCC_WARN_UNUSED_VARIABLE = YES;
				IPHONEOS_DEPLOYMENT_TARGET = 9.3;
				MTL_ENABLE_DEBUG_INFO = NO;
				SDKROOT = iphoneos;
				SWIFT_OPTIMIZATION_LEVEL = "-Owholemodule";
				VALIDATE_PRODUCT = YES;
			};
			name = Release;
		};
		8D676C911D5FBB3300F3B088 /* Debug */ = {
			isa = XCBuildConfiguration;
			buildSettings = {
				ASSETCATALOG_COMPILER_APPICON_NAME = AppIcon;
				CLANG_ENABLE_MODULES = YES;
				DEVELOPMENT_TEAM = JK33ZA2AUD;
				INFOPLIST_FILE = "$(SRCROOT)/VIPER Contacts Starter/Info.plist";
				LD_RUNPATH_SEARCH_PATHS = "$(inherited) @executable_path/Frameworks";
				PRODUCT_BUNDLE_IDENTIFIER = "com.rsacchi.VIPER-Contacts-Starter";
				PRODUCT_NAME = "VIPER Contacts Starter";
				SWIFT_OBJC_BRIDGING_HEADER = "";
				SWIFT_OPTIMIZATION_LEVEL = "-Onone";
				SWIFT_VERSION = 3.0;
			};
			name = Debug;
		};
		8D676C921D5FBB3300F3B088 /* Release */ = {
			isa = XCBuildConfiguration;
			buildSettings = {
				ASSETCATALOG_COMPILER_APPICON_NAME = AppIcon;
				CLANG_ENABLE_MODULES = YES;
				DEVELOPMENT_TEAM = JK33ZA2AUD;
				INFOPLIST_FILE = "$(SRCROOT)/VIPER Contacts Starter/Info.plist";
				LD_RUNPATH_SEARCH_PATHS = "$(inherited) @executable_path/Frameworks";
				PRODUCT_BUNDLE_IDENTIFIER = "com.rsacchi.VIPER-Contacts-Starter";
				PRODUCT_NAME = "VIPER Contacts Starter";
				SWIFT_OBJC_BRIDGING_HEADER = "";
				SWIFT_VERSION = 3.0;
			};
			name = Release;
		};
/* End XCBuildConfiguration section */

/* Begin XCConfigurationList section */
		8D676C791D5FBB3200F3B088 /* Build configuration list for PBXProject "VIPER Contacts Starter" */ = {
			isa = XCConfigurationList;
			buildConfigurations = (
				8D676C8E1D5FBB3300F3B088 /* Debug */,
				8D676C8F1D5FBB3300F3B088 /* Release */,
			);
			defaultConfigurationIsVisible = 0;
			defaultConfigurationName = Release;
		};
		8D676C901D5FBB3300F3B088 /* Build configuration list for PBXNativeTarget "VIPER Contacts Starter" */ = {
			isa = XCConfigurationList;
			buildConfigurations = (
				8D676C911D5FBB3300F3B088 /* Debug */,
				8D676C921D5FBB3300F3B088 /* Release */,
			);
			defaultConfigurationIsVisible = 0;
			defaultConfigurationName = Release;
		};
/* End XCConfigurationList section */

/* Begin XCVersionGroup section */
		8DF722521D804955007F6129 /* VIPER_Contacts_Starter.xcdatamodeld */ = {
			isa = XCVersionGroup;
			children = (
				8DF722531D804955007F6129 /* VIPER_Contacts_Starter.xcdatamodel */,
			);
			currentVersion = 8DF722531D804955007F6129 /* VIPER_Contacts_Starter.xcdatamodel */;
			path = VIPER_Contacts_Starter.xcdatamodeld;
			sourceTree = "<group>";
			versionGroupType = wrapper.xcdatamodel;
		};
/* End XCVersionGroup section */
	};
	rootObject = 8D676C761D5FBB3200F3B088 /* Project object */;
}
